
Microsoft Visual Studio Solution File, Format Version 12.00
# Visual Studio Version 17
VisualStudioVersion = 17.5.33424.131
MinimumVisualStudioVersion = 10.0.40219.1
Project("{FAE04EC0-301F-11D3-BF4B-00C04F79EFBC}") = "WindowsFormsApp1", "WindowsFormsApp1\WindowsFormsApp1.csproj", "{451FB0AE-66A2-42B4-97A6-123A40BF4594}"
EndProject
Global
	GlobalSection(SolutionConfigurationPlatforms) = preSolution
		Debug|Any CPU = Debug|Any CPU
		Release|Any CPU = Release|Any CPU
	EndGlobalSection
	GlobalSection(ProjectConfigurationPlatforms) = postSolution
		{451FB0AE-66A2-42B4-97A6-123A40BF4594}.Debug|Any CPU.ActiveCfg = Debug|Any CPU
		{451FB0AE-66A2-42B4-97A6-123A40BF4594}.Debug|Any CPU.Build.0 = Debug|Any CPU
		{451FB0AE-66A2-42B4-97A6-123A40BF4594}.Release|Any CPU.ActiveCfg = Release|Any CPU
		{451FB0AE-66A2-42B4-97A6-123A40BF4594}.Release|Any CPU.Build.0 = Release|Any CPU
	EndGlobalSection
	GlobalSection(SolutionProperties) = preSolution
		HideSolutionNode = FALSE
	EndGlobalSection
	GlobalSection(ExtensibilityGlobals) = postSolution
		SolutionGuid = {61116D21-0CC8-4562-91E4-A9D137E076E7}
	EndGlobalSection
EndGlobal
