
Microsoft Visual Studio Solution File, Format Version 12.00
# Visual Studio Version 17
VisualStudioVersion = 17.5.33424.131
MinimumVisualStudioVersion = 10.0.40219.1
Project("{FAE04EC0-301F-11D3-BF4B-00C04F79EFBC}") = "WindowsFormsApp3", "WindowsFormsApp3\WindowsFormsApp3.csproj", "{2176CA2C-82D9-4C19-9C19-2CA67D069CD7}"
EndProject
Global
	GlobalSection(SolutionConfigurationPlatforms) = preSolution
		Debug|Any CPU = Debug|Any CPU
		Release|Any CPU = Release|Any CPU
	EndGlobalSection
	GlobalSection(ProjectConfigurationPlatforms) = postSolution
		{2176CA2C-82D9-4C19-9C19-2CA67D069CD7}.Debug|Any CPU.ActiveCfg = Debug|Any CPU
		{2176CA2C-82D9-4C19-9C19-2CA67D069CD7}.Debug|Any CPU.Build.0 = Debug|Any CPU
		{2176CA2C-82D9-4C19-9C19-2CA67D069CD7}.Release|Any CPU.ActiveCfg = Release|Any CPU
		{2176CA2C-82D9-4C19-9C19-2CA67D069CD7}.Release|Any CPU.Build.0 = Release|Any CPU
	EndGlobalSection
	GlobalSection(SolutionProperties) = preSolution
		HideSolutionNode = FALSE
	EndGlobalSection
	GlobalSection(ExtensibilityGlobals) = postSolution
		SolutionGuid = {C01BE6B6-73CC-4DDA-B445-E96F2720DE6D}
	EndGlobalSection
EndGlobal
