
Microsoft Visual Studio Solution File, Format Version 12.00
# Visual Studio Version 17
VisualStudioVersion = 17.5.33424.131
MinimumVisualStudioVersion = 10.0.40219.1
Project("{FAE04EC0-301F-11D3-BF4B-00C04F79EFBC}") = "WindowsFormsApp1", "WindowsFormsApp1\WindowsFormsApp1.csproj", "{45450DD4-9A41-40B5-8A86-BF29A9FA1D34}"
EndProject
Global
	GlobalSection(SolutionConfigurationPlatforms) = preSolution
		Debug|Any CPU = Debug|Any CPU
		Release|Any CPU = Release|Any CPU
	EndGlobalSection
	GlobalSection(ProjectConfigurationPlatforms) = postSolution
		{45450DD4-9A41-40B5-8A86-BF29A9FA1D34}.Debug|Any CPU.ActiveCfg = Debug|Any CPU
		{45450DD4-9A41-40B5-8A86-BF29A9FA1D34}.Debug|Any CPU.Build.0 = Debug|Any CPU
		{45450DD4-9A41-40B5-8A86-BF29A9FA1D34}.Release|Any CPU.ActiveCfg = Release|Any CPU
		{45450DD4-9A41-40B5-8A86-BF29A9FA1D34}.Release|Any CPU.Build.0 = Release|Any CPU
	EndGlobalSection
	GlobalSection(SolutionProperties) = preSolution
		HideSolutionNode = FALSE
	EndGlobalSection
	GlobalSection(ExtensibilityGlobals) = postSolution
		SolutionGuid = {60059F08-DFDA-4E3F-A982-AABF85C720CA}
	EndGlobalSection
EndGlobal
